
Microsoft Visual Studio Solution File, Format Version 12.00
# Visual Studio Version 16
VisualStudioVersion = 16.0.31025.194
MinimumVisualStudioVersion = 10.0.40219.1
Project("{FAE04EC0-301F-11D3-BF4B-00C04F79EFBC}") = "Vacation_Bot", "Vacation_Bot\Vacation_Bot.csproj", "{3ECF2C22-F5C1-4FFA-ADA4-BC9B9DD70714}"
EndProject
Global
	GlobalSection(SolutionConfigurationPlatforms) = preSolution
		Debug|Any CPU = Debug|Any CPU
		Release|Any CPU = Release|Any CPU
	EndGlobalSection
	GlobalSection(ProjectConfigurationPlatforms) = postSolution
		{3ECF2C22-F5C1-4FFA-ADA4-BC9B9DD70714}.Debug|Any CPU.ActiveCfg = Debug|Any CPU
		{3ECF2C22-F5C1-4FFA-ADA4-BC9B9DD70714}.Debug|Any CPU.Build.0 = Debug|Any CPU
		{3ECF2C22-F5C1-4FFA-ADA4-BC9B9DD70714}.Release|Any CPU.ActiveCfg = Release|Any CPU
		{3ECF2C22-F5C1-4FFA-ADA4-BC9B9DD70714}.Release|Any CPU.Build.0 = Release|Any CPU
	EndGlobalSection
	GlobalSection(SolutionProperties) = preSolution
		HideSolutionNode = FALSE
	EndGlobalSection
	GlobalSection(ExtensibilityGlobals) = postSolution
		SolutionGuid = {08382567-459D-405D-9CED-CFA24F853BD6}
	EndGlobalSection
EndGlobal
